{
  "version": "2",
  "remote": {
    "https://deno.land/std@0.157.0/async/abortable.ts": "87aa7230be8360c24ad437212311c9e8d4328854baec27b4c7abb26e85515c06",
    "https://deno.land/std@0.157.0/async/deadline.ts": "48ac998d7564969f3e6ec6b6f9bf0217ebd00239b1b2292feba61272d5dd58d0",
    "https://deno.land/std@0.157.0/async/debounce.ts": "de5433bff08a2bb61416fc53b3bd2d5867090c8a815465e5b4a10a77495b1051",
    "https://deno.land/std@0.157.0/async/deferred.ts": "c01de44b9192359cebd3fe93273fcebf9e95110bf3360023917da9a2d1489fae",
    "https://deno.land/std@0.157.0/async/delay.ts": "0419dfc993752849692d1f9647edf13407c7facc3509b099381be99ffbc9d699",
    "https://deno.land/std@0.157.0/async/mod.ts": "dd0a8ed4f3984ffabe2fcca7c9f466b7932d57b1864ffee148a5d5388316db6b",
    "https://deno.land/std@0.157.0/async/mux_async_iterator.ts": "3447b28a2a582224a3d4d3596bccbba6e85040da3b97ed64012f7decce98d093",
    "https://deno.land/std@0.157.0/async/pool.ts": "ef9eb97b388543acbf0ac32647121e4dbe629236899586c4d4311a8770fbb239",
    "https://deno.land/std@0.157.0/async/tee.ts": "d27680d911816fcb3d231e16d690e7588079e66a9b2e5ce8cc354db94fdce95f",
    "https://deno.land/std@0.157.0/http/server.ts": "c1bce1cbf4060055f622d5c3f0e406fd553e5dca111ca836d28c6268f170ebeb",
    "https://deno.land/std@0.177.0/_util/asserts.ts": "178dfc49a464aee693a7e285567b3d0b555dc805ff490505a8aae34f9cfb1462",
    "https://deno.land/std@0.177.0/_util/os.ts": "d932f56d41e4f6a6093d56044e29ce637f8dcc43c5a90af43504a889cf1775e3",
    "https://deno.land/std@0.177.0/async/abortable.ts": "73acfb3ed7261ce0d930dbe89e43db8d34e017b063cf0eaa7d215477bf53442e",
    "https://deno.land/std@0.177.0/async/deadline.ts": "c5facb0b404eede83e38bd2717ea8ab34faa2ffb20ef87fd261fcba32ba307aa",
    "https://deno.land/std@0.177.0/async/debounce.ts": "adab11d04ca38d699444ac8a9d9856b4155e8dda2afd07ce78276c01ea5a4332",
    "https://deno.land/std@0.177.0/async/deferred.ts": "42790112f36a75a57db4a96d33974a936deb7b04d25c6084a9fa8a49f135def8",
    "https://deno.land/std@0.177.0/async/delay.ts": "73aa04cec034c84fc748c7be49bb15cac3dd43a57174bfdb7a4aec22c248f0dd",
    "https://deno.land/std@0.177.0/async/mod.ts": "f04344fa21738e5ad6bea37a6bfffd57c617c2d372bb9f9dcfd118a1b622e576",
    "https://deno.land/std@0.177.0/async/mux_async_iterator.ts": "70c7f2ee4e9466161350473ad61cac0b9f115cff4c552eaa7ef9d50c4cbb4cc9",
    "https://deno.land/std@0.177.0/async/pool.ts": "fd082bd4aaf26445909889435a5c74334c017847842ec035739b4ae637ae8260",
    "https://deno.land/std@0.177.0/async/retry.ts": "5efa3ba450ac0c07a40a82e2df296287b5013755d232049efd7ea2244f15b20f",
    "https://deno.land/std@0.177.0/async/tee.ts": "47e42d35f622650b02234d43803d0383a89eb4387e1b83b5a40106d18ae36757",
    "https://deno.land/std@0.177.0/bytes/index_of_needle.ts": "65c939607df609374c4415598fa4dad04a2f14c4d98cd15775216f0aaf597f24",
    "https://deno.land/std@0.177.0/crypto/timing_safe_equal.ts": "8d69ab611c67fe51b6127d97fcfb4d8e7d0e1b6b4f3e0cc4ab86744c3691f965",
    "https://deno.land/std@0.177.0/encoding/base64.ts": "7de04c2f8aeeb41453b09b186480be90f2ff357613b988e99fabb91d2eeceba1",
    "https://deno.land/std@0.177.0/encoding/base64url.ts": "3f1178f6446834457b16bfde8b559c1cd3481727fe384d3385e4a9995dc2d851",
    "https://deno.land/std@0.177.0/flags/mod.ts": "d1cdefa18472ef69858a17df5cf7c98445ed27ac10e1460183081303b0ebc270",
    "https://deno.land/std@0.177.0/node/_core.ts": "9a58c0ef98ee77e9b8fcc405511d1b37a003a705eb6a9b6e95f75434d8009adc",
    "https://deno.land/std@0.177.0/node/_events.d.ts": "1347437fd6b084d7c9a4e16b9fe7435f00b030970086482edeeb3b179d0775af",
    "https://deno.land/std@0.177.0/node/_events.mjs": "d4ba4e629abe3db9f1b14659fd5c282b7da8b2b95eaf13238eee4ebb142a2448",
    "https://deno.land/std@0.177.0/node/_global.d.ts": "2d88342f38b4083b858998e27c706725fb03a74aa14ef8d985dc18438b5188e4",
    "https://deno.land/std@0.177.0/node/_next_tick.ts": "9a3cf107d59b019a355d3cf32275b4c6157282e4b68ea85b46a799cb1d379305",
    "https://deno.land/std@0.177.0/node/_process/exiting.ts": "6e336180aaabd1192bf99ffeb0d14b689116a3dec1dfb34a2afbacd6766e98ab",
    "https://deno.land/std@0.177.0/node/_process/process.ts": "c96bb1f6253824c372f4866ee006dcefda02b7050d46759736e403f862d91051",
    "https://deno.land/std@0.177.0/node/_process/stdio.mjs": "cf17727eac8da3a665851df700b5aca6a12bacc3ebbf33e63e4b919f80ba44a6",
    "https://deno.land/std@0.177.0/node/_process/streams.mjs": "408777fba99580567f3ee82ee584ca79012cc550f8dacb8c5ec633b58cd0c1ca",
    "https://deno.land/std@0.177.0/node/_stream.d.ts": "112e1a0677cd6db932c3ce0e6e5bbdc7a2ac1874572f449044ecc82afcf5ee2e",
    "https://deno.land/std@0.177.0/node/_stream.mjs": "d6e2c86c1158ac65b4c2ca4fa019d7e84374ff12e21e2175345fe68c0823efe3",
    "https://deno.land/std@0.177.0/node/_utils.ts": "7fd55872a0cf9275e3c080a60e2fa6d45b8de9e956ebcde9053e72a344185884",
    "https://deno.land/std@0.177.0/node/buffer.ts": "85617be2063eccaf177dbb84c7580d1e32023724ed14bd9df4e453b152a26167",
    "https://deno.land/std@0.177.0/node/events.ts": "d2de352d509de11a375e2cb397d6b98f5fed4e562fc1d41be33214903a38e6b0",
    "https://deno.land/std@0.177.0/node/internal/buffer.d.ts": "bdfa991cd88cb02fd08bf8235d2618550e3e511c970b2a8f2e1a6885a2793cac",
    "https://deno.land/std@0.177.0/node/internal/buffer.mjs": "e92303a3cc6d9aaabcd270a937ad9319825d9ba08cb332650944df4562029b27",
    "https://deno.land/std@0.177.0/node/internal/crypto/_keys.ts": "8f3c3b5a141aa0331a53c205e9338655f1b3b307a08085fd6ff6dda6f7c4190b",
    "https://deno.land/std@0.177.0/node/internal/crypto/constants.ts": "544d605703053218499b08214f2e25cf4310651d535b7ab995891c4b7a217693",
    "https://deno.land/std@0.177.0/node/internal/error_codes.ts": "8495e33f448a484518d76fa3d41d34fc20fe03c14b30130ad8e936b0035d4b8b",
    "https://deno.land/std@0.177.0/node/internal/errors.ts": "1c699b8a3cb93174f697a348c004b1c6d576b66688eac8a48ebb78e65c720aae",
    "https://deno.land/std@0.177.0/node/internal/fixed_queue.ts": "62bb119afa5b5ae8fc0c7048b50502347bec82e2588017d0b250c4671d6eff8f",
    "https://deno.land/std@0.177.0/node/internal/hide_stack_frames.ts": "9dd1bad0a6e62a1042ce3a51eb1b1ecee2f246907bff44835f86e8f021de679a",
    "https://deno.land/std@0.177.0/node/internal/net.ts": "5538d31b595ac63d4b3e90393168bc65ace2f332c3317cffa2fd780070b2d86c",
    "https://deno.land/std@0.177.0/node/internal/normalize_encoding.mjs": "fd1d9df61c44d7196432f6e8244621468715131d18cc79cd299fc78ac549f707",
    "https://deno.land/std@0.177.0/node/internal/options.ts": "888f267c3fe8f18dc7b2f2fbdbe7e4a0fd3302ff3e99f5d6645601e924f3e3fb",
    "https://deno.land/std@0.177.0/node/internal/primordials.mjs": "a72d86b5aa55d3d50b8e916b6a59b7cc0dc5a31da8937114b4a113ad5aa08c74",
    "https://deno.land/std@0.177.0/node/internal/process/per_thread.mjs": "10142bbb13978c2f8f79778ad90f3a67a8ea6d8d2970f3dfc6bf2c6fff0162a2",
    "https://deno.land/std@0.177.0/node/internal/readline/callbacks.mjs": "bdb129b140c3b21b5e08cdc3d8e43517ad818ac03f75197338d665cca1cbaed3",
    "https://deno.land/std@0.177.0/node/internal/readline/utils.mjs": "c3dbf3a97c01ed14052cca3848f09e2fc24818c1822ceed57c33b9f0840f3b87",
    "https://deno.land/std@0.177.0/node/internal/streams/destroy.mjs": "b665fc71178919a34ddeac8389d162a81b4bc693ff7dc2557fa41b3a91011967",
    "https://deno.land/std@0.177.0/node/internal/streams/end-of-stream.mjs": "a4fb1c2e32d58dff440d4e716e2c4daaa403b3095304a028bb428575cfeed716",
    "https://deno.land/std@0.177.0/node/internal/streams/utils.mjs": "f2fe2e6bdc506da24c758970890cc2a21642045b129dee618bd3827c60dd9e33",
    "https://deno.land/std@0.177.0/node/internal/util.mjs": "f7fe2e1ca5e66f550ad0856b9f5ee4d666f0c071fe212ea7fc7f37cfa81f97a5",
    "https://deno.land/std@0.177.0/node/internal/util/inspect.mjs": "11d7c9cab514b8e485acc3978c74b837263ff9c08ae4537fa18ad56bae633259",
    "https://deno.land/std@0.177.0/node/internal/util/types.ts": "0e587b44ec5e017cf228589fc5ce9983b75beece6c39409c34170cfad49d6417",
    "https://deno.land/std@0.177.0/node/internal/validators.mjs": "e02f2b02dd072a5d623970292588d541204dc82207b4c58985d933a5f4b382e6",
    "https://deno.land/std@0.177.0/node/internal_binding/_libuv_winerror.ts": "30c9569603d4b97a1f1a034d88a3f74800d5ea1f12fcc3d225c9899d4e1a518b",
    "https://deno.land/std@0.177.0/node/internal_binding/_listen.ts": "c6038be47116f7755c01fd98340a0d1e8e66ef874710ab59ed3f5607d50d7a25",
    "https://deno.land/std@0.177.0/node/internal_binding/_node.ts": "cb2389b0eab121df99853eb6a5e3a684e4537e065fb8bf2cca0cbf219ce4e32e",
    "https://deno.land/std@0.177.0/node/internal_binding/_timingSafeEqual.ts": "7d9732464d3c669ff07713868ce5d25bc974a06112edbfb5f017fc3c70c0853e",
    "https://deno.land/std@0.177.0/node/internal_binding/_utils.ts": "7c58a2fbb031a204dee9583ba211cf9c67922112fe77e7f0b3226112469e9fe1",
    "https://deno.land/std@0.177.0/node/internal_binding/_winerror.ts": "3e8cfdfe22e89f13d2b28529bab35155e6b1730c0221ec5a6fc7077dc037be13",
    "https://deno.land/std@0.177.0/node/internal_binding/ares.ts": "bdd34c679265a6c115a8cfdde000656837a0a0dcdb0e4c258e622e136e9c31b8",
    "https://deno.land/std@0.177.0/node/internal_binding/async_wrap.ts": "0dc5ae64eea2c9e57ab17887ef1573922245167ffe38e3685c28d636f487f1b7",
    "https://deno.land/std@0.177.0/node/internal_binding/buffer.ts": "31729e0537921d6c730ad0afea44a7e8a0a1044d070ade8368226cb6f7390c8b",
    "https://deno.land/std@0.177.0/node/internal_binding/cares_wrap.ts": "9b7247772167f8ed56acd0244a232d9d50e8d7c9cfc379f77f3d54cecc2f32ab",
    "https://deno.land/std@0.177.0/node/internal_binding/config.ts": "37d293009d1718205bf28e878e54a9f1ca24c1c320cee2416c20dc054104c6ea",
    "https://deno.land/std@0.177.0/node/internal_binding/connection_wrap.ts": "7dd089ea46de38e4992d0f43a09b586e4cf04878fb06863c1cb8cb2ece7da521",
    "https://deno.land/std@0.177.0/node/internal_binding/constants.ts": "21ff9d1ee71d0a2086541083a7711842fc6ae25e264dbf45c73815aadce06f4c",
    "https://deno.land/std@0.177.0/node/internal_binding/contextify.ts": "37d293009d1718205bf28e878e54a9f1ca24c1c320cee2416c20dc054104c6ea",
    "https://deno.land/std@0.177.0/node/internal_binding/credentials.ts": "37d293009d1718205bf28e878e54a9f1ca24c1c320cee2416c20dc054104c6ea",
    "https://deno.land/std@0.177.0/node/internal_binding/crypto.ts": "29e8f94f283a2e7d4229d3551369c6a40c2af9737fad948cb9be56bef6c468cd",
    "https://deno.land/std@0.177.0/node/internal_binding/errors.ts": "37d293009d1718205bf28e878e54a9f1ca24c1c320cee2416c20dc054104c6ea",
    "https://deno.land/std@0.177.0/node/internal_binding/fs.ts": "37d293009d1718205bf28e878e54a9f1ca24c1c320cee2416c20dc054104c6ea",
    "https://deno.land/std@0.177.0/node/internal_binding/fs_dir.ts": "37d293009d1718205bf28e878e54a9f1ca24c1c320cee2416c20dc054104c6ea",
    "https://deno.land/std@0.177.0/node/internal_binding/fs_event_wrap.ts": "37d293009d1718205bf28e878e54a9f1ca24c1c320cee2416c20dc054104c6ea",
    "https://deno.land/std@0.177.0/node/internal_binding/handle_wrap.ts": "adf0b8063da2c54f26edd5e8ec50296a4d38e42716a70a229f14654b17a071d9",
    "https://deno.land/std@0.177.0/node/internal_binding/heap_utils.ts": "37d293009d1718205bf28e878e54a9f1ca24c1c320cee2416c20dc054104c6ea",
    "https://deno.land/std@0.177.0/node/internal_binding/http_parser.ts": "37d293009d1718205bf28e878e54a9f1ca24c1c320cee2416c20dc054104c6ea",
    "https://deno.land/std@0.177.0/node/internal_binding/icu.ts": "37d293009d1718205bf28e878e54a9f1ca24c1c320cee2416c20dc054104c6ea",
    "https://deno.land/std@0.177.0/node/internal_binding/inspector.ts": "37d293009d1718205bf28e878e54a9f1ca24c1c320cee2416c20dc054104c6ea",
    "https://deno.land/std@0.177.0/node/internal_binding/js_stream.ts": "37d293009d1718205bf28e878e54a9f1ca24c1c320cee2416c20dc054104c6ea",
    "https://deno.land/std@0.177.0/node/internal_binding/messaging.ts": "37d293009d1718205bf28e878e54a9f1ca24c1c320cee2416c20dc054104c6ea",
    "https://deno.land/std@0.177.0/node/internal_binding/mod.ts": "9fc65f7af1d35e2d3557539a558ea9ad7a9954eefafe614ad82d94bddfe25845",
    "https://deno.land/std@0.177.0/node/internal_binding/module_wrap.ts": "37d293009d1718205bf28e878e54a9f1ca24c1c320cee2416c20dc054104c6ea",
    "https://deno.land/std@0.177.0/node/internal_binding/native_module.ts": "37d293009d1718205bf28e878e54a9f1ca24c1c320cee2416c20dc054104c6ea",
    "https://deno.land/std@0.177.0/node/internal_binding/natives.ts": "37d293009d1718205bf28e878e54a9f1ca24c1c320cee2416c20dc054104c6ea",
    "https://deno.land/std@0.177.0/node/internal_binding/node_file.ts": "21edbbc95653e45514aff252b6cae7bf127a4338cbc5f090557d258aa205d8a5",
    "https://deno.land/std@0.177.0/node/internal_binding/node_options.ts": "0b5cb0bf4379a39278d7b7bb6bb2c2751baf428fe437abe5ed3e8441fae1f18b",
    "https://deno.land/std@0.177.0/node/internal_binding/options.ts": "37d293009d1718205bf28e878e54a9f1ca24c1c320cee2416c20dc054104c6ea",
    "https://deno.land/std@0.177.0/node/internal_binding/os.ts": "37d293009d1718205bf28e878e54a9f1ca24c1c320cee2416c20dc054104c6ea",
    "https://deno.land/std@0.177.0/node/internal_binding/performance.ts": "37d293009d1718205bf28e878e54a9f1ca24c1c320cee2416c20dc054104c6ea",
    "https://deno.land/std@0.177.0/node/internal_binding/pipe_wrap.ts": "30e3a63954313f9d5bbc2ac02c7f9be4b1204c493e47f6e1b9c7366994e6ea6d",
    "https://deno.land/std@0.177.0/node/internal_binding/process_methods.ts": "37d293009d1718205bf28e878e54a9f1ca24c1c320cee2416c20dc054104c6ea",
    "https://deno.land/std@0.177.0/node/internal_binding/report.ts": "37d293009d1718205bf28e878e54a9f1ca24c1c320cee2416c20dc054104c6ea",
    "https://deno.land/std@0.177.0/node/internal_binding/serdes.ts": "37d293009d1718205bf28e878e54a9f1ca24c1c320cee2416c20dc054104c6ea",
    "https://deno.land/std@0.177.0/node/internal_binding/signal_wrap.ts": "37d293009d1718205bf28e878e54a9f1ca24c1c320cee2416c20dc054104c6ea",
    "https://deno.land/std@0.177.0/node/internal_binding/spawn_sync.ts": "37d293009d1718205bf28e878e54a9f1ca24c1c320cee2416c20dc054104c6ea",
    "https://deno.land/std@0.177.0/node/internal_binding/stream_wrap.ts": "452bff74d1db280a0cd78c75a95bb6d163e849e06e9638c4af405d40296bd050",
    "https://deno.land/std@0.177.0/node/internal_binding/string_decoder.ts": "54c3c1cbd5a9254881be58bf22637965dc69535483014dab60487e299cb95445",
    "https://deno.land/std@0.177.0/node/internal_binding/symbols.ts": "4dee2f3a400d711fd57fa3430b8de1fdb011e08e260b81fef5b81cc06ed77129",
    "https://deno.land/std@0.177.0/node/internal_binding/task_queue.ts": "37d293009d1718205bf28e878e54a9f1ca24c1c320cee2416c20dc054104c6ea",
    "https://deno.land/std@0.177.0/node/internal_binding/tcp_wrap.ts": "d298d855e862fc9a5c94e13ad982fde99f6d8a56620a4772681b7226f5a15c91",
    "https://deno.land/std@0.177.0/node/internal_binding/timers.ts": "37d293009d1718205bf28e878e54a9f1ca24c1c320cee2416c20dc054104c6ea",
    "https://deno.land/std@0.177.0/node/internal_binding/tls_wrap.ts": "37d293009d1718205bf28e878e54a9f1ca24c1c320cee2416c20dc054104c6ea",
    "https://deno.land/std@0.177.0/node/internal_binding/trace_events.ts": "37d293009d1718205bf28e878e54a9f1ca24c1c320cee2416c20dc054104c6ea",
    "https://deno.land/std@0.177.0/node/internal_binding/tty_wrap.ts": "37d293009d1718205bf28e878e54a9f1ca24c1c320cee2416c20dc054104c6ea",
    "https://deno.land/std@0.177.0/node/internal_binding/types.ts": "2187595a58d2cf0134f4db6cc2a12bf777f452f52b15b6c3aed73fa072aa5fc3",
    "https://deno.land/std@0.177.0/node/internal_binding/udp_wrap.ts": "b77d7024aef1282b9fe6e1f6c8064ab8a7b9ecbae0bc08a36f2b30dcbb1d2752",
    "https://deno.land/std@0.177.0/node/internal_binding/url.ts": "37d293009d1718205bf28e878e54a9f1ca24c1c320cee2416c20dc054104c6ea",
    "https://deno.land/std@0.177.0/node/internal_binding/util.ts": "808ff3b92740284184ab824adfc420e75398c88c8bccf5111f0c24ac18c48f10",
    "https://deno.land/std@0.177.0/node/internal_binding/uv.ts": "eb0048e30af4db407fb3f95563e30d70efd6187051c033713b0a5b768593a3a3",
    "https://deno.land/std@0.177.0/node/internal_binding/v8.ts": "37d293009d1718205bf28e878e54a9f1ca24c1c320cee2416c20dc054104c6ea",
    "https://deno.land/std@0.177.0/node/internal_binding/worker.ts": "37d293009d1718205bf28e878e54a9f1ca24c1c320cee2416c20dc054104c6ea",
    "https://deno.land/std@0.177.0/node/internal_binding/zlib.ts": "37d293009d1718205bf28e878e54a9f1ca24c1c320cee2416c20dc054104c6ea",
    "https://deno.land/std@0.177.0/node/process.ts": "6608012d6d51a17a7346f36079c574b9b9f81f1b5c35436489ad089f39757466",
    "https://deno.land/std@0.177.0/node/stream.ts": "09e348302af40dcc7dc58aa5e40fdff868d11d8d6b0cfb85cbb9c75b9fe450c7",
    "https://deno.land/std@0.177.0/node/string_decoder.ts": "1a17e3572037c512cc5fc4b29076613e90f225474362d18da908cb7e5ccb7e88",
    "https://deno.land/std@0.177.0/path/_constants.ts": "e49961f6f4f48039c0dfed3c3f93e963ca3d92791c9d478ac5b43183413136e0",
    "https://deno.land/std@0.177.0/path/_interface.ts": "6471159dfbbc357e03882c2266d21ef9afdb1e4aa771b0545e90db58a0ba314b",
    "https://deno.land/std@0.177.0/path/_util.ts": "d7abb1e0dea065f427b89156e28cdeb32b045870acdf865833ba808a73b576d0",
    "https://deno.land/std@0.177.0/path/common.ts": "ee7505ab01fd22de3963b64e46cff31f40de34f9f8de1fff6a1bd2fe79380000",
    "https://deno.land/std@0.177.0/path/glob.ts": "d479e0a695621c94d3fd7fe7abd4f9499caf32a8de13f25073451c6ef420a4e1",
    "https://deno.land/std@0.177.0/path/mod.ts": "4b83694ac500d7d31b0cdafc927080a53dc0c3027eb2895790fb155082b0d232",
    "https://deno.land/std@0.177.0/path/posix.ts": "8b7c67ac338714b30c816079303d0285dd24af6b284f7ad63da5b27372a2c94d",
    "https://deno.land/std@0.177.0/path/separator.ts": "0fb679739d0d1d7bf45b68dacfb4ec7563597a902edbaf3c59b50d5bcadd93b1",
    "https://deno.land/std@0.177.0/path/win32.ts": "d186344e5583bcbf8b18af416d13d82b35a317116e6460a5a3953508c3de5bba",
    "https://deno.land/std@0.177.0/streams/write_all.ts": "3b2e1ce44913f966348ce353d02fa5369e94115181037cd8b602510853ec3033",
    "https://deno.land/std@0.177.0/types.d.ts": "220ed56662a0bd393ba5d124aa6ae2ad36a00d2fcbc0e8666a65f4606aaa9784",
    "https://esm.sh/*@pothos/core@3.23.1": "58e0f585b49e17022eb30fd7424bccbe7aaf04e81a5ef3597bc317df2d4e681c",
    "https://esm.sh/graphql-yoga@3.9.0?external=graphql": "7dff8008eae36fb512e88376eb20a72b35595768e68e069a120dfcd0a302ad56",
    "https://esm.sh/graphql@16.6.0": "fb9bd0409bea24b2c05bc32ff4c9289ea271f9e0e50eac3d3283291bbb24fbc0",
    "https://esm.sh/v115/@envelop/core@3.0.6/X-ZS9ncmFwaHFs/deno/core.mjs": "bd281dc1993dfcc1d187cdcea1d2dc54497aa15db699f41322479fa81ec2882e",
    "https://esm.sh/v115/@envelop/types@3.0.2/X-ZS9ncmFwaHFs/deno/types.mjs": "5ed7800cb4315f3606eb485989b5fecbabd514794d2a3852d9678e4d292e0199",
    "https://esm.sh/v115/@envelop/validation-cache@5.1.2/X-ZS9ncmFwaHFs/deno/validation-cache.mjs": "8a955e2c27279a62393cb5b21b7e6b53c77f8bf1a05e6ffb02a982e56339ada0",
    "https://esm.sh/v115/@graphql-tools/executor@0.0.16/X-ZS9ncmFwaHFs/deno/executor.mjs": "8cf4105c035f53484a66642a85cc2b9609269fce2925c5913561785b22df6e6f",
    "https://esm.sh/v115/@graphql-tools/merge@8.4.0/X-ZS9ncmFwaHFs/deno/merge.mjs": "5b6c5a1677ce913c7b3a6b04195b3866e5329f9ef5181001482cb842551f332f",
    "https://esm.sh/v115/@graphql-tools/schema@9.0.17/X-ZS9ncmFwaHFs/deno/schema.mjs": "365598632c37e6e2ffaed142b157eafd7fb4890e6304efed89765e97c5e49400",
    "https://esm.sh/v115/@graphql-tools/utils@9.2.1/X-ZS9ncmFwaHFs/deno/utils.mjs": "57e34bf851a8932ab18706e9033fb063b7454ad6f1785e72dab72204056b51c5",
    "https://esm.sh/v115/@graphql-yoga/logger@0.0.1/X-ZS9ncmFwaHFs/deno/logger.mjs": "3addd532921fcc1385412b3c41b98431c3e94abd2b8711b73ef435d1a63af668",
    "https://esm.sh/v115/@graphql-yoga/subscription@3.1.0/X-ZS9ncmFwaHFs/deno/subscription.mjs": "99001301a39509a38b06a3d3e75ab0151e9f2c1563d09f63d0c813f8461a2cb9",
    "https://esm.sh/v115/@pothos/core@3.23.1/X-ZS8q/deno/core.mjs": "e2edf61bc3203c20cc3c28c75ce3cd5aa8b2c27e30b8287868ca95b677631b65",
    "https://esm.sh/v115/@repeaterjs/repeater@3.0.4/X-ZS9ncmFwaHFs/deno/repeater.mjs": "0eafc61871298dc8dddc93dd3cda66e5243c79f1ef586c37253911ba2caa3f73",
    "https://esm.sh/v115/@whatwg-node/events@0.0.2/X-ZS9ncmFwaHFs/deno/events.mjs": "9f24ca6671a129ab23f125c0af2de4fa925a51f32e3edb68d304e81eec4d6020",
    "https://esm.sh/v115/@whatwg-node/fetch@0.8.4/X-ZS9ncmFwaHFs/deno/fetch.mjs": "aae37cdd43a8b23dcf30c0821a43f184b83f61d11a2b99681c93cae712c56655",
    "https://esm.sh/v115/@whatwg-node/server@0.7.5/X-ZS9ncmFwaHFs/deno/server.mjs": "30ed2e4e11893be57c50c6a412872b0094d803d112de5303683b7f404da9b8a1",
    "https://esm.sh/v115/dset@3.1.2/X-ZS9ncmFwaHFs/deno/dset.mjs": "fa8cae342ce73438f4499b393e6e820888be24d4cf12cab46896468abeb1c79e",
    "https://esm.sh/v115/fast-json-stable-stringify@2.1.0/X-ZS9ncmFwaHFs/deno/fast-json-stable-stringify.mjs": "daaa681eb36e4a5aafebe8d77071d363b91b4a5e051fe06514d4ee220a4de7c7",
    "https://esm.sh/v115/graphql-yoga@3.9.0/X-ZS9ncmFwaHFs/deno/graphql-yoga.mjs": "02d3c2f221fe0668c2685977ef3859d75b50bf952ffe74a82d0782851b1776dc",
    "https://esm.sh/v115/graphql@16.6.0/deno/graphql.mjs": "5e54f46af6c52828f03aa13f12c0647d1848cd1a98de636e3c31b6b24f21a768",
    "https://esm.sh/v115/graphql@16.6.0/error/GraphQLError.d.ts": "e159a655d3f485425c0b36d3708b53fb7b8455d56d17f634f5ac0c5a5b815ecf",
    "https://esm.sh/v115/graphql@16.6.0/error/index.d.ts": "1a01eb6f84f3504a0b670315329b98f5f9b61611d4ee7b361814200df392eca3",
    "https://esm.sh/v115/graphql@16.6.0/error/locatedError.d.ts": "b3ade7da9ad22c24c27df44efc111e867d99463d917604c7a77960f70193ad74",
    "https://esm.sh/v115/graphql@16.6.0/error/syntaxError.d.ts": "066436cecb56b4b8804d0f026e1571a5dfc493fd8a659022c68bfd23d7521aae",
    "https://esm.sh/v115/graphql@16.6.0/execution/execute.d.ts": "1c92b5c17a4e4649251e30adf66aa197338001f3536114454cdd69d5eacab312",
    "https://esm.sh/v115/graphql@16.6.0/execution/index.d.ts": "a55365732f05ba33ff616a42455c3ab3a298d0a6985660b7a3c110b43c14adea",
    "https://esm.sh/v115/graphql@16.6.0/execution/subscribe.d.ts": "7157bc34ca12dfe18e5d0bba4457974d3eed5f1500c3a2272ea38e5f167edf84",
    "https://esm.sh/v115/graphql@16.6.0/execution/values.d.ts": "2f20a447381ffa39718f945164b568afb88fcbc2833c6e7bb5bf6047e126a1ea",
    "https://esm.sh/v115/graphql@16.6.0/graphql.d.ts": "ff31dcf3082db50c7f17ff648a9d643ef51e11ee2f39ae42197e9a394f86397b",
    "https://esm.sh/v115/graphql@16.6.0/index.d.ts": "cb6fa55717e3b1113291bc4a29a9a25a01b90f5870b6fb65a33acadbdda54dda",
    "https://esm.sh/v115/graphql@16.6.0/jsutils/Maybe.d.ts": "0804044cd0488cb7212ddbc1d0f8e1a5bd32970335dbfc613052304a1b0318f9",
    "https://esm.sh/v115/graphql@16.6.0/jsutils/ObjMap.d.ts": "85084ae98c1d319e38ef99b1216d3372a9afd7a368022c01c3351b339d52cb58",
    "https://esm.sh/v115/graphql@16.6.0/jsutils/Path.d.ts": "04825c22d0c91a56dc4311b003d822d12e5b79738309812dc3e27a1e637a8deb",
    "https://esm.sh/v115/graphql@16.6.0/jsutils/PromiseOrValue.d.ts": "692345a43bac37c507fa7065c554258435ab821bbe4fb44b513a70063e932b45",
    "https://esm.sh/v115/graphql@16.6.0/language/ast.d.ts": "c0de0da50d66fc80f5547b0216b21fb14fa3a0268ee9f23c41e1e3b8e793ab5e",
    "https://esm.sh/v115/graphql@16.6.0/language/directiveLocation.d.ts": "de21641eb8edcbc08dd0db4ee70eea907cd07fe72267340b5571c92647f10a77",
    "https://esm.sh/v115/graphql@16.6.0/language/index.d.ts": "a4d5ef68f7f3689b289cb4599eb76fe00451e92aa7bd1077e48f1414584ded9e",
    "https://esm.sh/v115/graphql@16.6.0/language/kinds.d.ts": "cddd50d7bd9d7fddda91a576db9f61655d1a55e2d870f154485812f6e39d4c15",
    "https://esm.sh/v115/graphql@16.6.0/language/lexer.d.ts": "8d327131db69a9cc4d01e3473d842b6a81e4dc4715a279a859653811294932aa",
    "https://esm.sh/v115/graphql@16.6.0/language/location.d.ts": "ffbafb3cf8c8e4b3c1b4641cfa1baae87c5b4dc31b3fed0a7a0d05dbc57e76cc",
    "https://esm.sh/v115/graphql@16.6.0/language/parser.d.ts": "4169aa26c69995385813dd3ee5c6c736d9fb690dc58c5b88dcef398dd11d38ac",
    "https://esm.sh/v115/graphql@16.6.0/language/predicates.d.ts": "5ba295c85c52a4684099e49666f3e4f79b58a3864382d05df2d9114707aeebb4",
    "https://esm.sh/v115/graphql@16.6.0/language/printLocation.d.ts": "138c4e6156194af1d8b636a9fa9b186f37e4859d34145005efeec880017306f1",
    "https://esm.sh/v115/graphql@16.6.0/language/printer.d.ts": "9b3109d918ed04878463d75d466fecf531d6116d0e67f24f40d4534108e20b0d",
    "https://esm.sh/v115/graphql@16.6.0/language/source.d.ts": "b725acb041d2a18fde8f46c48a1408418489c4aa222f559b1ef47bf267cb4be0",
    "https://esm.sh/v115/graphql@16.6.0/language/tokenKind.d.ts": "0539583b089247b73a21eb4a5f7e43208a129df6300d6b829dc1039b79b6c8c4",
    "https://esm.sh/v115/graphql@16.6.0/language/visitor.d.ts": "eb8528e4f841d4140f8cba3b14cdd5818b1762dba169e7b34bed388e86d6472f",
    "https://esm.sh/v115/graphql@16.6.0/subscription/index.d.ts": "84983e86669718e816659194b9ba6027450c27a4639c5a594469a65b2f954320",
    "https://esm.sh/v115/graphql@16.6.0/type/assertName.d.ts": "93551b302a808f226f0846ad8012354f2d53d6dedc33b540d6ca69836781a574",
    "https://esm.sh/v115/graphql@16.6.0/type/definition.d.ts": "fa119fee8bb68f72f594d140d7ac6197f01876dc97cbffa997b8d7c8130ca2af",
    "https://esm.sh/v115/graphql@16.6.0/type/directives.d.ts": "23c2cd1bfcf77e553473abcfb680f4bd07d13724fdac32fffd8456b5e91ffc92",
    "https://esm.sh/v115/graphql@16.6.0/type/index.d.ts": "d755a8b8126be4f2897ff960acbbb8e9d296477c87d0995eb183944ba35be390",
    "https://esm.sh/v115/graphql@16.6.0/type/introspection.d.ts": "07f55b346cc584b7f60257203fe50d26eb88f609f76a4e890a1a36b7e8734d6c",
    "https://esm.sh/v115/graphql@16.6.0/type/scalars.d.ts": "252d65207e62ea620ed3d029d01432b6c33089600a9243e1dc416bd98bf17cd0",
    "https://esm.sh/v115/graphql@16.6.0/type/schema.d.ts": "e20e9dc6352b6f3a2c9a8ed9c32e64c4c21169304f143a1d45d03cdcec63a9d3",
    "https://esm.sh/v115/graphql@16.6.0/type/validate.d.ts": "b8f483899f4839f1e114835758de5e873de74ef5eeb0eb58fbc26a517f641e67",
    "https://esm.sh/v115/graphql@16.6.0/utilities/TypeInfo.d.ts": "b03c27aa5f09538bea6c6560b96871de11b8d039b960ebed18cd614fbadd8142",
    "https://esm.sh/v115/graphql@16.6.0/utilities/assertValidName.d.ts": "a04cddbcc7c0fb9bffaebcead4d8a8bcdd7cf85ed6a81e1182f62f8b7943604f",
    "https://esm.sh/v115/graphql@16.6.0/utilities/astFromValue.d.ts": "15d2318d24385a537ffb7a40b96d7e7d0911fd6a9e1e583ffe3dd4e8228af179",
    "https://esm.sh/v115/graphql@16.6.0/utilities/buildASTSchema.d.ts": "ad11a2133d50f9465e9fcb6f3f3e588aeb7e3304b9f8bd70e762d6fc7a47ccf3",
    "https://esm.sh/v115/graphql@16.6.0/utilities/buildClientSchema.d.ts": "d995470b2818ec46d05ee07a7b281da57965f97f89b94674f4302cf55b97c35e",
    "https://esm.sh/v115/graphql@16.6.0/utilities/coerceInputValue.d.ts": "4335cc780470cc8d6c3f4d2605b9cbdce5b0f0a55d83e1e819298a3e3127cf2d",
    "https://esm.sh/v115/graphql@16.6.0/utilities/concatAST.d.ts": "3c0c5717e388beb392ef2dea8e05f205567359a142450649b7824bf5d24cc268",
    "https://esm.sh/v115/graphql@16.6.0/utilities/extendSchema.d.ts": "b20bfaa02b7a07613671ac97e7e039686b753bb1f3a1dd858040e48d2aa3dc0d",
    "https://esm.sh/v115/graphql@16.6.0/utilities/findBreakingChanges.d.ts": "625759a187b8bb49ae45b267cfe4247645a81622ac21ec4a11505296a69e4639",
    "https://esm.sh/v115/graphql@16.6.0/utilities/getIntrospectionQuery.d.ts": "6c221c8e1f1558589d9b10af54b33271902549d19f55903d8016aa9bb2cfd21e",
    "https://esm.sh/v115/graphql@16.6.0/utilities/getOperationAST.d.ts": "e9e5e409afe16dcc5c77dcad421f9d7b9cf5d306c40eb3fc6d16de3608d7e8dd",
    "https://esm.sh/v115/graphql@16.6.0/utilities/getOperationRootType.d.ts": "394faab9d5e96aa7ca7ae0d1aa8f6631f30b3953c6d103dc60c5e6f399d64d1a",
    "https://esm.sh/v115/graphql@16.6.0/utilities/index.d.ts": "8d17bdce4f6418e849dc36acb526b58616e09a1ca9ae0ff80b19215de5d34a3a",
    "https://esm.sh/v115/graphql@16.6.0/utilities/introspectionFromSchema.d.ts": "026e29e1fdb15c90101e6fc2d0de9c9359f00bed11f59e99dc4f24f27e1a6998",
    "https://esm.sh/v115/graphql@16.6.0/utilities/lexicographicSortSchema.d.ts": "feba0aea7626ea869b66e92c4ebdbe4eebb5ed835ea4bad1560d9cca794fb7aa",
    "https://esm.sh/v115/graphql@16.6.0/utilities/printSchema.d.ts": "b68ade7170ed28e70e60d79daf8481d5c7dc9edc32ef8c701d8eddaa3ce7966d",
    "https://esm.sh/v115/graphql@16.6.0/utilities/separateOperations.d.ts": "f35b4afc17d4f89c4c002e439e5a2158e48607a0e5ec3e0ee3ac24dff16e1e45",
    "https://esm.sh/v115/graphql@16.6.0/utilities/stripIgnoredCharacters.d.ts": "85a10f6044c31c62614926e641224fc517b9f81387480d752aa38ab7144ee65a",
    "https://esm.sh/v115/graphql@16.6.0/utilities/typeComparators.d.ts": "9e5c2253b16fbf40e6ca5e8d1c6296f2fc78b9ef39d6d26b426023b5a46ca413",
    "https://esm.sh/v115/graphql@16.6.0/utilities/typeFromAST.d.ts": "e962d436a30ccbc5d0ec78f1353a9bfdff70dd37be2d78826d170db680a01ab9",
    "https://esm.sh/v115/graphql@16.6.0/utilities/typedQueryDocumentNode.d.ts": "20822a47f9603f6cf1afcb8d03877e7e6df31e35e23512c342da483ae96cdc73",
    "https://esm.sh/v115/graphql@16.6.0/utilities/valueFromAST.d.ts": "d6f0ecc5e81dc587c12ce13b8fabe4cae34e2d48b9e110f870ef0b1da750c56e",
    "https://esm.sh/v115/graphql@16.6.0/utilities/valueFromASTUntyped.d.ts": "1dc2a364d7a9d01551943328d6eb1290fc58cb6752175dfa03b4643f9afd5749",
    "https://esm.sh/v115/graphql@16.6.0/validation/ValidationContext.d.ts": "df3d7794e19fe25a99a059c24a21add7bac20603ced76427d75954c59aa08539",
    "https://esm.sh/v115/graphql@16.6.0/validation/index.d.ts": "fb30d5013548d8523c93e0690e9d22f8bb9860a3642b321540415141a51b55b6",
    "https://esm.sh/v115/graphql@16.6.0/validation/rules/ExecutableDefinitionsRule.d.ts": "8454a6c5b1acda7b347481d7b2af01be949ad11911c4275e1eee715e71c1188f",
    "https://esm.sh/v115/graphql@16.6.0/validation/rules/FieldsOnCorrectTypeRule.d.ts": "c32bf36b240ae9755ac069eda92a3d14dc278e03fd3df427b201ac378be9caf6",
    "https://esm.sh/v115/graphql@16.6.0/validation/rules/FragmentsOnCompositeTypesRule.d.ts": "909c18363f4e5bc40a330ede0ca2ddeddd02b2f35570a34566be91de2b188bae",
    "https://esm.sh/v115/graphql@16.6.0/validation/rules/KnownArgumentNamesRule.d.ts": "69bdeaf020f698af81bee7cbb23a42b7028c252cf364803887ed6eb66897f18a",
    "https://esm.sh/v115/graphql@16.6.0/validation/rules/KnownDirectivesRule.d.ts": "2881fd9456e4140dccae964730d81fd39786fc69b95f8d318f50554acaef3a23",
    "https://esm.sh/v115/graphql@16.6.0/validation/rules/KnownFragmentNamesRule.d.ts": "63e4f51e7bf7239b37f7b4a787aea5a3c1ef907f3704b356e7979cbfae8e9815",
    "https://esm.sh/v115/graphql@16.6.0/validation/rules/KnownTypeNamesRule.d.ts": "2c0e2b1d1490ec2e959629fcb8d527068c8ddf46a741f40ceb83e7819a3954fb",
    "https://esm.sh/v115/graphql@16.6.0/validation/rules/LoneAnonymousOperationRule.d.ts": "105c4808216162b62e9b61b45d473cbaa6325387d15912fda0cd61909336eaf6",
    "https://esm.sh/v115/graphql@16.6.0/validation/rules/LoneSchemaDefinitionRule.d.ts": "120b67b53313e30df5cf33143d9e30952d107c7e24bc156c97a733832bb31627",
    "https://esm.sh/v115/graphql@16.6.0/validation/rules/NoFragmentCyclesRule.d.ts": "3beec9071b14808974fe3be17da00631ea71078cf909a17f6a255f8ba650585d",
    "https://esm.sh/v115/graphql@16.6.0/validation/rules/NoUndefinedVariablesRule.d.ts": "4d7b5f2d27c2d34426ed35823366c152313d431f5ae68189d427439906defa45",
    "https://esm.sh/v115/graphql@16.6.0/validation/rules/NoUnusedFragmentsRule.d.ts": "48a8e4453a82be99c93772c044992a94f5241d89e35cf3ecce00b036fbb69970",
    "https://esm.sh/v115/graphql@16.6.0/validation/rules/NoUnusedVariablesRule.d.ts": "3fe2527b2426e54f2b514e375c6beccd2196949c38c082f35f9634bd5c973d79",
    "https://esm.sh/v115/graphql@16.6.0/validation/rules/OverlappingFieldsCanBeMergedRule.d.ts": "767df82d75672cb6fde6fd1829e0ac01f5be22afc2bc211b42df325020aa0e1e",
    "https://esm.sh/v115/graphql@16.6.0/validation/rules/PossibleFragmentSpreadsRule.d.ts": "5a3eb51ee4c5f2e160d0042dad4ad68d7d174451234702681f1b3be89f167c6a",
    "https://esm.sh/v115/graphql@16.6.0/validation/rules/PossibleTypeExtensionsRule.d.ts": "5e04fa03b9c0f229d8719b56b3edaea30183d9469e9beb5e2eadf7b4d1e0e070",
    "https://esm.sh/v115/graphql@16.6.0/validation/rules/ProvidedRequiredArgumentsRule.d.ts": "58830083d772c62f2da1124b5395fe22d7baa6e0c52760665d10d1320ecdc1d0",
    "https://esm.sh/v115/graphql@16.6.0/validation/rules/ScalarLeafsRule.d.ts": "5310c224710108ffe0f20a1936f68f8c0bd8494d58a7472b2e64032dabb02ff0",
    "https://esm.sh/v115/graphql@16.6.0/validation/rules/SingleFieldSubscriptionsRule.d.ts": "c415e18b205b9c6b8b638e033a1840ffe2c853aad276c625ef40e0a93cb13777",
    "https://esm.sh/v115/graphql@16.6.0/validation/rules/UniqueArgumentDefinitionNamesRule.d.ts": "9cfe1d2a22ab3373008c4facb0e93249c339a022771f9e7148ae8bf746dec306",
    "https://esm.sh/v115/graphql@16.6.0/validation/rules/UniqueArgumentNamesRule.d.ts": "937d36e6fa5e556db03bfc8b7dae2b4084615a3a04fe7bf33c42a9e58cbfe9b1",
    "https://esm.sh/v115/graphql@16.6.0/validation/rules/UniqueDirectiveNamesRule.d.ts": "480f2231f3b4fdba191bc41bcbac419cc52cbbe7254565acc4765b7341178e02",
    "https://esm.sh/v115/graphql@16.6.0/validation/rules/UniqueDirectivesPerLocationRule.d.ts": "8d2ee0da940569765e14aec5643e36fbf704588e8877caa7f4e013be390953b3",
    "https://esm.sh/v115/graphql@16.6.0/validation/rules/UniqueEnumValueNamesRule.d.ts": "ea836d0d64bdcd40863cbaea81fcd27ef2ce25edec199a83566ab8b047adc1cc",
    "https://esm.sh/v115/graphql@16.6.0/validation/rules/UniqueFieldDefinitionNamesRule.d.ts": "1d7799efeba0bcda4b60c69527fb5fd883e3b08cd8a3ff699775954e71e67544",
    "https://esm.sh/v115/graphql@16.6.0/validation/rules/UniqueFragmentNamesRule.d.ts": "f34d55fefbf5d2e8aac8618c0946bda11f9a8c0e0fcd229e0fd23cf333be6b82",
    "https://esm.sh/v115/graphql@16.6.0/validation/rules/UniqueInputFieldNamesRule.d.ts": "77893d504d2dfa4b23da4b782db7be1c87ce0e5bf95b4eee94f99069f5d95149",
    "https://esm.sh/v115/graphql@16.6.0/validation/rules/UniqueOperationNamesRule.d.ts": "7b06a1fbcf59b1e813f4d3ec927577509d1af72fc0992d8b2a8d8d8b1d130f1f",
    "https://esm.sh/v115/graphql@16.6.0/validation/rules/UniqueOperationTypesRule.d.ts": "3b8697a7966e75183c04fb51d52719e8b034862a348c410c959fab67b58186d9",
    "https://esm.sh/v115/graphql@16.6.0/validation/rules/UniqueTypeNamesRule.d.ts": "6d3d34e4b3395dfa9f172765adf8bf43b9f6f5322b964ec259a3f8f08fc34377",
    "https://esm.sh/v115/graphql@16.6.0/validation/rules/UniqueVariableNamesRule.d.ts": "4949aa45d8935bb490af56a3ad22e949c025acf3e3048f92ab7d7f1b6bbe9b79",
    "https://esm.sh/v115/graphql@16.6.0/validation/rules/ValuesOfCorrectTypeRule.d.ts": "4661484bcd29ba1bdc1594d78b680c67d2c7272c543875cc00fa2b266f792944",
    "https://esm.sh/v115/graphql@16.6.0/validation/rules/VariablesAreInputTypesRule.d.ts": "6cf690ecc80ba6ee80295fa603f8784d1d350e5aff714d3395a2a6a01dd95a1d",
    "https://esm.sh/v115/graphql@16.6.0/validation/rules/VariablesInAllowedPositionRule.d.ts": "687e163caf5f10a4be9d741f9cc44b6250e4d2a7be1ce1850dc8ee4fc99c2cd3",
    "https://esm.sh/v115/graphql@16.6.0/validation/rules/custom/NoDeprecatedCustomRule.d.ts": "0976e4bdd8240761f0d9d2fc8508c5c4ca8471da20c146f6f60ea3a3564f536f",
    "https://esm.sh/v115/graphql@16.6.0/validation/rules/custom/NoSchemaIntrospectionCustomRule.d.ts": "2908b5c5454ee19dd83d8993f3189d1428b2954de59a8d672df7e6a8e22e09cb",
    "https://esm.sh/v115/graphql@16.6.0/validation/specifiedRules.d.ts": "077f1d6f6e2ab604af4a0d963e8469c6b7fae98a5b9febbba0e31e75f9b820b5",
    "https://esm.sh/v115/graphql@16.6.0/validation/validate.d.ts": "507246f5474832222d374254f1d802a620e8abca0bf83db425f4585356d5be87",
    "https://esm.sh/v115/graphql@16.6.0/version.d.ts": "78647004e18e4c16b8a2e8345fca9267573d1c5a29e11ddfee71858fd077ef6e",
    "https://esm.sh/v115/lru-cache@6.0.0/X-ZS9ncmFwaHFs/deno/lru-cache.mjs": "f897b4d7904a6821f34591fbd44180c675c203a1fe2c0257f747fd709bd55a7d",
    "https://esm.sh/v115/lru-cache@7.18.3/X-ZS9ncmFwaHFs/deno/lru-cache.mjs": "8eaa2ccc685fd48f2722b5d25472b3a0a096110def814cbd20892e23415c2e32",
    "https://esm.sh/v115/sha1-es@1.8.2/X-ZS9ncmFwaHFs/deno/sha1-es.mjs": "a9e4cd2dde0888df580bf2386113e788cee31add9e7b5f8b2b561d0e5dd9d160",
    "https://esm.sh/v115/value-or-promise@1.0.12/X-ZS9ncmFwaHFs/deno/value-or-promise.mjs": "7c5517b159efad3c11ed775aa5c16b2df426bde39a5f4de6e309c40213f045db",
    "https://esm.sh/v115/yallist@4.0.0/X-ZS9ncmFwaHFs/deno/yallist.mjs": "05c381e59bf6919f54a8da2842cdc90f4e8e237304c3cdf8a08dba1a7cd9483c"
  }
}
